
Microsoft Visual Studio Solution File, Format Version 12.00
# Visual Studio Version 17
VisualStudioVersion = 17.8.34408.163
MinimumVisualStudioVersion = 10.0.40219.1
Project("{FAE04EC0-301F-11D3-BF4B-00C04F79EFBC}") = "webapi3.0", "webapi3.0\webapi3.0.csproj", "{09966B91-CB33-4FD0-A054-A06E3D2C4C4C}"
EndProject
Project("{FAE04EC0-301F-11D3-BF4B-00C04F79EFBC}") = "unittest", "unittest\unittest.csproj", "{62DE4866-76DF-4482-BDE4-C3DA1F3E224F}"
EndProject
Global
	GlobalSection(SolutionConfigurationPlatforms) = preSolution
		Debug|Any CPU = Debug|Any CPU
		Release|Any CPU = Release|Any CPU
	EndGlobalSection
	GlobalSection(ProjectConfigurationPlatforms) = postSolution
		{09966B91-CB33-4FD0-A054-A06E3D2C4C4C}.Debug|Any CPU.ActiveCfg = Debug|Any CPU
		{09966B91-CB33-4FD0-A054-A06E3D2C4C4C}.Debug|Any CPU.Build.0 = Debug|Any CPU
		{09966B91-CB33-4FD0-A054-A06E3D2C4C4C}.Release|Any CPU.ActiveCfg = Release|Any CPU
	EndGlobalSection
	GlobalSection(SolutionProperties) = preSolution
		HideSolutionNode = FALSE
	EndGlobalSection
	GlobalSection(ExtensibilityGlobals) = postSolution
		SolutionGuid = {3F8E60B3-1964-4309-8CFC-DC4FCC408F2F}
	EndGlobalSection
EndGlobal
